
Microsoft Visual Studio Solution File, Format Version 12.00
# Visual Studio Version 16
VisualStudioVersion = 16.6.30114.105
MinimumVisualStudioVersion = 10.0.40219.1
Project("{2150E333-8FDC-42A3-9474-1A3956D46DE8}") = "src", "src", "{696A3C30-D037-4F99-9709-04752475CAC0}"
EndProject
Project("{2150E333-8FDC-42A3-9474-1A3956D46DE8}") = "hometasks", "hometasks", "{A52AAECE-57F3-4199-BBC2-1BC1C2885BD3}"
EndProject
Project("{FAE04EC0-301F-11D3-BF4B-00C04F79EFBC}") = "Hometask-01", "src\hometasks\Hometask-01\Hometask-01.csproj", "{97991D04-6AB6-43BB-913C-104FD2C68BB7}"
EndProject
Project("{2150E333-8FDC-42A3-9474-1A3956D46DE8}") = "practice", "practice", "{5B77B40D-9DD1-4D8F-8FA8-6ED176E2BB7E}"
EndProject
Project("{FAE04EC0-301F-11D3-BF4B-00C04F79EFBC}") = "Practice-01", "src\practice\Practice-01\Practice-01.csproj", "{B56F343D-32C9-4612-8710-9412EB4C2462}"
EndProject
Project("{2150E333-8FDC-42A3-9474-1A3956D46DE8}") = "tests", "tests", "{C6F8A0B2-CDEC-40A5-AB4D-EA97764EBCAF}"
EndProject
Project("{2150E333-8FDC-42A3-9474-1A3956D46DE8}") = "hometasks", "hometasks", "{5D2A0216-6F29-420C-8D87-3DAF3D970C10}"
EndProject
Project("{FAE04EC0-301F-11D3-BF4B-00C04F79EFBC}") = "Hometask-01-Tests", "tests\hometasks\Hometask-01-Tests\Hometask-01-Tests.csproj", "{D8018B6F-8258-4E0F-9C03-E26D1B9363AA}"
EndProject
Project("{2150E333-8FDC-42A3-9474-1A3956D46DE8}") = "practice", "practice", "{56906055-845D-460E-AC5C-114348304AF4}"
EndProject
Project("{FAE04EC0-301F-11D3-BF4B-00C04F79EFBC}") = "Practice-01-Tests", "tests\practice\Practice-01-Tests\Practice-01-Tests.csproj", "{2EDB4C74-E03F-4E02-BBE2-8F4DBE0490E6}"
EndProject
Project("{FAE04EC0-301F-11D3-BF4B-00C04F79EFBC}") = "Hometask-02", "src\hometasks\Hometask-02\Hometask-02.csproj", "{265A7457-CA35-42D7-8A1B-8A5800691AC4}"
EndProject
Project("{FAE04EC0-301F-11D3-BF4B-00C04F79EFBC}") = "Hometask-03", "src\hometasks\Hometask-03\Hometask-03.csproj", "{7D6D024A-E656-4F5D-8DDF-ADF10CEF0219}"
EndProject
Project("{FAE04EC0-301F-11D3-BF4B-00C04F79EFBC}") = "Hometask-04", "src\hometasks\Hometask-04\Hometask-04.csproj", "{5D877571-E264-43D2-A350-5F0D00E44337}"
EndProject
Project("{FAE04EC0-301F-11D3-BF4B-00C04F79EFBC}") = "Hometask-05", "src\hometasks\Hometask-05\Hometask-05.csproj", "{00DE8761-DDBA-4BCC-8CC2-D0AFB408BA3F}"
EndProject
Project("{FAE04EC0-301F-11D3-BF4B-00C04F79EFBC}") = "Practice-02", "src\practice\Practice-02\Practice-02.csproj", "{B0EE8BC4-5192-4FC7-9CEB-3B356D2FF42F}"
EndProject
Project("{FAE04EC0-301F-11D3-BF4B-00C04F79EFBC}") = "Practice-03", "src\practice\Practice-03\Practice-03.csproj", "{08F1E070-F06E-46D9-89A0-3F9A0211686F}"
EndProject
Project("{FAE04EC0-301F-11D3-BF4B-00C04F79EFBC}") = "Practice-04", "src\practice\Practice-04\Practice-04.csproj", "{4D5B5DE0-ABBB-405E-B985-FBFF2647244B}"
EndProject
Project("{FAE04EC0-301F-11D3-BF4B-00C04F79EFBC}") = "Practice-05", "src\practice\Practice-05\Practice-05.csproj", "{3BA1778A-DCF0-4E4B-A137-4E053341BD4C}"
EndProject
Project("{FAE04EC0-301F-11D3-BF4B-00C04F79EFBC}") = "Hometask-02-Tests", "tests\hometasks\Hometask-02-Tests\Hometask-02-Tests.csproj", "{DC142712-A882-44DB-9C6D-E5F163BAB529}"
EndProject
Project("{FAE04EC0-301F-11D3-BF4B-00C04F79EFBC}") = "Hometask-03-Tests", "tests\hometasks\Hometask-03-Tests\Hometask-03-Tests.csproj", "{93D3169B-F8E9-49A1-BD09-5D1BE133C466}"
EndProject
Project("{FAE04EC0-301F-11D3-BF4B-00C04F79EFBC}") = "Hometask-04-Tests", "tests\hometasks\Hometask-04-Tests\Hometask-04-Tests.csproj", "{DB67D56C-1ACA-40FD-BDAF-57108AADC61C}"
EndProject
Project("{FAE04EC0-301F-11D3-BF4B-00C04F79EFBC}") = "Hometask-05-Tests", "tests\hometasks\Hometask-05-Tests\Hometask-05-Tests.csproj", "{A94828C8-9521-4014-8BD9-EAC6B0E202E0}"
EndProject
Project("{FAE04EC0-301F-11D3-BF4B-00C04F79EFBC}") = "Practice-02-Tests", "tests\practice\Practice-02-Tests\Practice-02-Tests.csproj", "{5B5854C8-8F62-4066-85FD-8DF312780C4A}"
EndProject
Project("{FAE04EC0-301F-11D3-BF4B-00C04F79EFBC}") = "Practice-03-Tests", "tests\practice\Practice-03-Tests\Practice-03-Tests.csproj", "{F13FC9FA-9BCF-476F-B99A-6E7E6B50163E}"
EndProject
Project("{FAE04EC0-301F-11D3-BF4B-00C04F79EFBC}") = "Practice-04-Tests", "tests\practice\Practice-04-Tests\Practice-04-Tests.csproj", "{D27453EA-55F4-4F38-A79C-CAE127348F82}"
EndProject
Project("{FAE04EC0-301F-11D3-BF4B-00C04F79EFBC}") = "Practice-05-Tests", "tests\practice\Practice-05-Tests\Practice-05-Tests.csproj", "{7DD5239D-D778-4D62-BCDD-03680C3D72CB}"
EndProject
Global
	GlobalSection(SolutionConfigurationPlatforms) = preSolution
		Debug|Any CPU = Debug|Any CPU
		Debug|x64 = Debug|x64
		Debug|x86 = Debug|x86
		Release|Any CPU = Release|Any CPU
		Release|x64 = Release|x64
		Release|x86 = Release|x86
	EndGlobalSection
	GlobalSection(SolutionProperties) = preSolution
		HideSolutionNode = FALSE
	EndGlobalSection
	GlobalSection(ProjectConfigurationPlatforms) = postSolution
		{97991D04-6AB6-43BB-913C-104FD2C68BB7}.Debug|Any CPU.ActiveCfg = Debug|Any CPU
		{97991D04-6AB6-43BB-913C-104FD2C68BB7}.Debug|Any CPU.Build.0 = Debug|Any CPU
		{97991D04-6AB6-43BB-913C-104FD2C68BB7}.Debug|x64.ActiveCfg = Debug|Any CPU
		{97991D04-6AB6-43BB-913C-104FD2C68BB7}.Debug|x64.Build.0 = Debug|Any CPU
		{97991D04-6AB6-43BB-913C-104FD2C68BB7}.Debug|x86.ActiveCfg = Debug|Any CPU
		{97991D04-6AB6-43BB-913C-104FD2C68BB7}.Debug|x86.Build.0 = Debug|Any CPU
		{97991D04-6AB6-43BB-913C-104FD2C68BB7}.Release|Any CPU.ActiveCfg = Release|Any CPU
		{97991D04-6AB6-43BB-913C-104FD2C68BB7}.Release|Any CPU.Build.0 = Release|Any CPU
		{97991D04-6AB6-43BB-913C-104FD2C68BB7}.Release|x64.ActiveCfg = Release|Any CPU
		{97991D04-6AB6-43BB-913C-104FD2C68BB7}.Release|x64.Build.0 = Release|Any CPU
		{97991D04-6AB6-43BB-913C-104FD2C68BB7}.Release|x86.ActiveCfg = Release|Any CPU
		{97991D04-6AB6-43BB-913C-104FD2C68BB7}.Release|x86.Build.0 = Release|Any CPU
		{B56F343D-32C9-4612-8710-9412EB4C2462}.Debug|Any CPU.ActiveCfg = Debug|Any CPU
		{B56F343D-32C9-4612-8710-9412EB4C2462}.Debug|Any CPU.Build.0 = Debug|Any CPU
		{B56F343D-32C9-4612-8710-9412EB4C2462}.Debug|x64.ActiveCfg = Debug|Any CPU
		{B56F343D-32C9-4612-8710-9412EB4C2462}.Debug|x64.Build.0 = Debug|Any CPU
		{B56F343D-32C9-4612-8710-9412EB4C2462}.Debug|x86.ActiveCfg = Debug|Any CPU
		{B56F343D-32C9-4612-8710-9412EB4C2462}.Debug|x86.Build.0 = Debug|Any CPU
		{B56F343D-32C9-4612-8710-9412EB4C2462}.Release|Any CPU.ActiveCfg = Release|Any CPU
		{B56F343D-32C9-4612-8710-9412EB4C2462}.Release|Any CPU.Build.0 = Release|Any CPU
		{B56F343D-32C9-4612-8710-9412EB4C2462}.Release|x64.ActiveCfg = Release|Any CPU
		{B56F343D-32C9-4612-8710-9412EB4C2462}.Release|x64.Build.0 = Release|Any CPU
		{B56F343D-32C9-4612-8710-9412EB4C2462}.Release|x86.ActiveCfg = Release|Any CPU
		{B56F343D-32C9-4612-8710-9412EB4C2462}.Release|x86.Build.0 = Release|Any CPU
		{D8018B6F-8258-4E0F-9C03-E26D1B9363AA}.Debug|Any CPU.ActiveCfg = Debug|Any CPU
		{D8018B6F-8258-4E0F-9C03-E26D1B9363AA}.Debug|Any CPU.Build.0 = Debug|Any CPU
		{D8018B6F-8258-4E0F-9C03-E26D1B9363AA}.Debug|x64.ActiveCfg = Debug|Any CPU
		{D8018B6F-8258-4E0F-9C03-E26D1B9363AA}.Debug|x64.Build.0 = Debug|Any CPU
		{D8018B6F-8258-4E0F-9C03-E26D1B9363AA}.Debug|x86.ActiveCfg = Debug|Any CPU
		{D8018B6F-8258-4E0F-9C03-E26D1B9363AA}.Debug|x86.Build.0 = Debug|Any CPU
		{D8018B6F-8258-4E0F-9C03-E26D1B9363AA}.Release|Any CPU.ActiveCfg = Release|Any CPU
		{D8018B6F-8258-4E0F-9C03-E26D1B9363AA}.Release|Any CPU.Build.0 = Release|Any CPU
		{D8018B6F-8258-4E0F-9C03-E26D1B9363AA}.Release|x64.ActiveCfg = Release|Any CPU
		{D8018B6F-8258-4E0F-9C03-E26D1B9363AA}.Release|x64.Build.0 = Release|Any CPU
		{D8018B6F-8258-4E0F-9C03-E26D1B9363AA}.Release|x86.ActiveCfg = Release|Any CPU
		{D8018B6F-8258-4E0F-9C03-E26D1B9363AA}.Release|x86.Build.0 = Release|Any CPU
		{2EDB4C74-E03F-4E02-BBE2-8F4DBE0490E6}.Debug|Any CPU.ActiveCfg = Debug|Any CPU
		{2EDB4C74-E03F-4E02-BBE2-8F4DBE0490E6}.Debug|Any CPU.Build.0 = Debug|Any CPU
		{2EDB4C74-E03F-4E02-BBE2-8F4DBE0490E6}.Debug|x64.ActiveCfg = Debug|Any CPU
		{2EDB4C74-E03F-4E02-BBE2-8F4DBE0490E6}.Debug|x64.Build.0 = Debug|Any CPU
		{2EDB4C74-E03F-4E02-BBE2-8F4DBE0490E6}.Debug|x86.ActiveCfg = Debug|Any CPU
		{2EDB4C74-E03F-4E02-BBE2-8F4DBE0490E6}.Debug|x86.Build.0 = Debug|Any CPU
		{2EDB4C74-E03F-4E02-BBE2-8F4DBE0490E6}.Release|Any CPU.ActiveCfg = Release|Any CPU
		{2EDB4C74-E03F-4E02-BBE2-8F4DBE0490E6}.Release|Any CPU.Build.0 = Release|Any CPU
		{2EDB4C74-E03F-4E02-BBE2-8F4DBE0490E6}.Release|x64.ActiveCfg = Release|Any CPU
		{2EDB4C74-E03F-4E02-BBE2-8F4DBE0490E6}.Release|x64.Build.0 = Release|Any CPU
		{2EDB4C74-E03F-4E02-BBE2-8F4DBE0490E6}.Release|x86.ActiveCfg = Release|Any CPU
		{2EDB4C74-E03F-4E02-BBE2-8F4DBE0490E6}.Release|x86.Build.0 = Release|Any CPU
		{265A7457-CA35-42D7-8A1B-8A5800691AC4}.Debug|Any CPU.ActiveCfg = Debug|Any CPU
		{265A7457-CA35-42D7-8A1B-8A5800691AC4}.Debug|Any CPU.Build.0 = Debug|Any CPU
		{265A7457-CA35-42D7-8A1B-8A5800691AC4}.Debug|x64.ActiveCfg = Debug|Any CPU
		{265A7457-CA35-42D7-8A1B-8A5800691AC4}.Debug|x64.Build.0 = Debug|Any CPU
		{265A7457-CA35-42D7-8A1B-8A5800691AC4}.Debug|x86.ActiveCfg = Debug|Any CPU
		{265A7457-CA35-42D7-8A1B-8A5800691AC4}.Debug|x86.Build.0 = Debug|Any CPU
		{265A7457-CA35-42D7-8A1B-8A5800691AC4}.Release|Any CPU.ActiveCfg = Release|Any CPU
		{265A7457-CA35-42D7-8A1B-8A5800691AC4}.Release|Any CPU.Build.0 = Release|Any CPU
		{265A7457-CA35-42D7-8A1B-8A5800691AC4}.Release|x64.ActiveCfg = Release|Any CPU
		{265A7457-CA35-42D7-8A1B-8A5800691AC4}.Release|x64.Build.0 = Release|Any CPU
		{265A7457-CA35-42D7-8A1B-8A5800691AC4}.Release|x86.ActiveCfg = Release|Any CPU
		{265A7457-CA35-42D7-8A1B-8A5800691AC4}.Release|x86.Build.0 = Release|Any CPU
		{7D6D024A-E656-4F5D-8DDF-ADF10CEF0219}.Debug|Any CPU.ActiveCfg = Debug|Any CPU
		{7D6D024A-E656-4F5D-8DDF-ADF10CEF0219}.Debug|Any CPU.Build.0 = Debug|Any CPU
		{7D6D024A-E656-4F5D-8DDF-ADF10CEF0219}.Debug|x64.ActiveCfg = Debug|Any CPU
		{7D6D024A-E656-4F5D-8DDF-ADF10CEF0219}.Debug|x64.Build.0 = Debug|Any CPU
		{7D6D024A-E656-4F5D-8DDF-ADF10CEF0219}.Debug|x86.ActiveCfg = Debug|Any CPU
		{7D6D024A-E656-4F5D-8DDF-ADF10CEF0219}.Debug|x86.Build.0 = Debug|Any CPU
		{7D6D024A-E656-4F5D-8DDF-ADF10CEF0219}.Release|Any CPU.ActiveCfg = Release|Any CPU
		{7D6D024A-E656-4F5D-8DDF-ADF10CEF0219}.Release|Any CPU.Build.0 = Release|Any CPU
		{7D6D024A-E656-4F5D-8DDF-ADF10CEF0219}.Release|x64.ActiveCfg = Release|Any CPU
		{7D6D024A-E656-4F5D-8DDF-ADF10CEF0219}.Release|x64.Build.0 = Release|Any CPU
		{7D6D024A-E656-4F5D-8DDF-ADF10CEF0219}.Release|x86.ActiveCfg = Release|Any CPU
		{7D6D024A-E656-4F5D-8DDF-ADF10CEF0219}.Release|x86.Build.0 = Release|Any CPU
		{5D877571-E264-43D2-A350-5F0D00E44337}.Debug|Any CPU.ActiveCfg = Debug|Any CPU
		{5D877571-E264-43D2-A350-5F0D00E44337}.Debug|Any CPU.Build.0 = Debug|Any CPU
		{5D877571-E264-43D2-A350-5F0D00E44337}.Debug|x64.ActiveCfg = Debug|Any CPU
		{5D877571-E264-43D2-A350-5F0D00E44337}.Debug|x64.Build.0 = Debug|Any CPU
		{5D877571-E264-43D2-A350-5F0D00E44337}.Debug|x86.ActiveCfg = Debug|Any CPU
		{5D877571-E264-43D2-A350-5F0D00E44337}.Debug|x86.Build.0 = Debug|Any CPU
		{5D877571-E264-43D2-A350-5F0D00E44337}.Release|Any CPU.ActiveCfg = Release|Any CPU
		{5D877571-E264-43D2-A350-5F0D00E44337}.Release|Any CPU.Build.0 = Release|Any CPU
		{5D877571-E264-43D2-A350-5F0D00E44337}.Release|x64.ActiveCfg = Release|Any CPU
		{5D877571-E264-43D2-A350-5F0D00E44337}.Release|x64.Build.0 = Release|Any CPU
		{5D877571-E264-43D2-A350-5F0D00E44337}.Release|x86.ActiveCfg = Release|Any CPU
		{5D877571-E264-43D2-A350-5F0D00E44337}.Release|x86.Build.0 = Release|Any CPU
		{00DE8761-DDBA-4BCC-8CC2-D0AFB408BA3F}.Debug|Any CPU.ActiveCfg = Debug|Any CPU
		{00DE8761-DDBA-4BCC-8CC2-D0AFB408BA3F}.Debug|Any CPU.Build.0 = Debug|Any CPU
		{00DE8761-DDBA-4BCC-8CC2-D0AFB408BA3F}.Debug|x64.ActiveCfg = Debug|Any CPU
		{00DE8761-DDBA-4BCC-8CC2-D0AFB408BA3F}.Debug|x64.Build.0 = Debug|Any CPU
		{00DE8761-DDBA-4BCC-8CC2-D0AFB408BA3F}.Debug|x86.ActiveCfg = Debug|Any CPU
		{00DE8761-DDBA-4BCC-8CC2-D0AFB408BA3F}.Debug|x86.Build.0 = Debug|Any CPU
		{00DE8761-DDBA-4BCC-8CC2-D0AFB408BA3F}.Release|Any CPU.ActiveCfg = Release|Any CPU
		{00DE8761-DDBA-4BCC-8CC2-D0AFB408BA3F}.Release|Any CPU.Build.0 = Release|Any CPU
		{00DE8761-DDBA-4BCC-8CC2-D0AFB408BA3F}.Release|x64.ActiveCfg = Release|Any CPU
		{00DE8761-DDBA-4BCC-8CC2-D0AFB408BA3F}.Release|x64.Build.0 = Release|Any CPU
		{00DE8761-DDBA-4BCC-8CC2-D0AFB408BA3F}.Release|x86.ActiveCfg = Release|Any CPU
		{00DE8761-DDBA-4BCC-8CC2-D0AFB408BA3F}.Release|x86.Build.0 = Release|Any CPU
		{B0EE8BC4-5192-4FC7-9CEB-3B356D2FF42F}.Debug|Any CPU.ActiveCfg = Debug|Any CPU
		{B0EE8BC4-5192-4FC7-9CEB-3B356D2FF42F}.Debug|Any CPU.Build.0 = Debug|Any CPU
		{B0EE8BC4-5192-4FC7-9CEB-3B356D2FF42F}.Debug|x64.ActiveCfg = Debug|Any CPU
		{B0EE8BC4-5192-4FC7-9CEB-3B356D2FF42F}.Debug|x64.Build.0 = Debug|Any CPU
		{B0EE8BC4-5192-4FC7-9CEB-3B356D2FF42F}.Debug|x86.ActiveCfg = Debug|Any CPU
		{B0EE8BC4-5192-4FC7-9CEB-3B356D2FF42F}.Debug|x86.Build.0 = Debug|Any CPU
		{B0EE8BC4-5192-4FC7-9CEB-3B356D2FF42F}.Release|Any CPU.ActiveCfg = Release|Any CPU
		{B0EE8BC4-5192-4FC7-9CEB-3B356D2FF42F}.Release|Any CPU.Build.0 = Release|Any CPU
		{B0EE8BC4-5192-4FC7-9CEB-3B356D2FF42F}.Release|x64.ActiveCfg = Release|Any CPU
		{B0EE8BC4-5192-4FC7-9CEB-3B356D2FF42F}.Release|x64.Build.0 = Release|Any CPU
		{B0EE8BC4-5192-4FC7-9CEB-3B356D2FF42F}.Release|x86.ActiveCfg = Release|Any CPU
		{B0EE8BC4-5192-4FC7-9CEB-3B356D2FF42F}.Release|x86.Build.0 = Release|Any CPU
		{08F1E070-F06E-46D9-89A0-3F9A0211686F}.Debug|Any CPU.ActiveCfg = Debug|Any CPU
		{08F1E070-F06E-46D9-89A0-3F9A0211686F}.Debug|Any CPU.Build.0 = Debug|Any CPU
		{08F1E070-F06E-46D9-89A0-3F9A0211686F}.Debug|x64.ActiveCfg = Debug|Any CPU
		{08F1E070-F06E-46D9-89A0-3F9A0211686F}.Debug|x64.Build.0 = Debug|Any CPU
		{08F1E070-F06E-46D9-89A0-3F9A0211686F}.Debug|x86.ActiveCfg = Debug|Any CPU
		{08F1E070-F06E-46D9-89A0-3F9A0211686F}.Debug|x86.Build.0 = Debug|Any CPU
		{08F1E070-F06E-46D9-89A0-3F9A0211686F}.Release|Any CPU.ActiveCfg = Release|Any CPU
		{08F1E070-F06E-46D9-89A0-3F9A0211686F}.Release|Any CPU.Build.0 = Release|Any CPU
		{08F1E070-F06E-46D9-89A0-3F9A0211686F}.Release|x64.ActiveCfg = Release|Any CPU
		{08F1E070-F06E-46D9-89A0-3F9A0211686F}.Release|x64.Build.0 = Release|Any CPU
		{08F1E070-F06E-46D9-89A0-3F9A0211686F}.Release|x86.ActiveCfg = Release|Any CPU
		{08F1E070-F06E-46D9-89A0-3F9A0211686F}.Release|x86.Build.0 = Release|Any CPU
		{4D5B5DE0-ABBB-405E-B985-FBFF2647244B}.Debug|Any CPU.ActiveCfg = Debug|Any CPU
		{4D5B5DE0-ABBB-405E-B985-FBFF2647244B}.Debug|Any CPU.Build.0 = Debug|Any CPU
		{4D5B5DE0-ABBB-405E-B985-FBFF2647244B}.Debug|x64.ActiveCfg = Debug|Any CPU
		{4D5B5DE0-ABBB-405E-B985-FBFF2647244B}.Debug|x64.Build.0 = Debug|Any CPU
		{4D5B5DE0-ABBB-405E-B985-FBFF2647244B}.Debug|x86.ActiveCfg = Debug|Any CPU
		{4D5B5DE0-ABBB-405E-B985-FBFF2647244B}.Debug|x86.Build.0 = Debug|Any CPU
		{4D5B5DE0-ABBB-405E-B985-FBFF2647244B}.Release|Any CPU.ActiveCfg = Release|Any CPU
		{4D5B5DE0-ABBB-405E-B985-FBFF2647244B}.Release|Any CPU.Build.0 = Release|Any CPU
		{4D5B5DE0-ABBB-405E-B985-FBFF2647244B}.Release|x64.ActiveCfg = Release|Any CPU
		{4D5B5DE0-ABBB-405E-B985-FBFF2647244B}.Release|x64.Build.0 = Release|Any CPU
		{4D5B5DE0-ABBB-405E-B985-FBFF2647244B}.Release|x86.ActiveCfg = Release|Any CPU
		{4D5B5DE0-ABBB-405E-B985-FBFF2647244B}.Release|x86.Build.0 = Release|Any CPU
		{3BA1778A-DCF0-4E4B-A137-4E053341BD4C}.Debug|Any CPU.ActiveCfg = Debug|Any CPU
		{3BA1778A-DCF0-4E4B-A137-4E053341BD4C}.Debug|Any CPU.Build.0 = Debug|Any CPU
		{3BA1778A-DCF0-4E4B-A137-4E053341BD4C}.Debug|x64.ActiveCfg = Debug|Any CPU
		{3BA1778A-DCF0-4E4B-A137-4E053341BD4C}.Debug|x64.Build.0 = Debug|Any CPU
		{3BA1778A-DCF0-4E4B-A137-4E053341BD4C}.Debug|x86.ActiveCfg = Debug|Any CPU
		{3BA1778A-DCF0-4E4B-A137-4E053341BD4C}.Debug|x86.Build.0 = Debug|Any CPU
		{3BA1778A-DCF0-4E4B-A137-4E053341BD4C}.Release|Any CPU.ActiveCfg = Release|Any CPU
		{3BA1778A-DCF0-4E4B-A137-4E053341BD4C}.Release|Any CPU.Build.0 = Release|Any CPU
		{3BA1778A-DCF0-4E4B-A137-4E053341BD4C}.Release|x64.ActiveCfg = Release|Any CPU
		{3BA1778A-DCF0-4E4B-A137-4E053341BD4C}.Release|x64.Build.0 = Release|Any CPU
		{3BA1778A-DCF0-4E4B-A137-4E053341BD4C}.Release|x86.ActiveCfg = Release|Any CPU
		{3BA1778A-DCF0-4E4B-A137-4E053341BD4C}.Release|x86.Build.0 = Release|Any CPU
		{DC142712-A882-44DB-9C6D-E5F163BAB529}.Debug|Any CPU.ActiveCfg = Debug|Any CPU
		{DC142712-A882-44DB-9C6D-E5F163BAB529}.Debug|Any CPU.Build.0 = Debug|Any CPU
		{DC142712-A882-44DB-9C6D-E5F163BAB529}.Debug|x64.ActiveCfg = Debug|Any CPU
		{DC142712-A882-44DB-9C6D-E5F163BAB529}.Debug|x64.Build.0 = Debug|Any CPU
		{DC142712-A882-44DB-9C6D-E5F163BAB529}.Debug|x86.ActiveCfg = Debug|Any CPU
		{DC142712-A882-44DB-9C6D-E5F163BAB529}.Debug|x86.Build.0 = Debug|Any CPU
		{DC142712-A882-44DB-9C6D-E5F163BAB529}.Release|Any CPU.ActiveCfg = Release|Any CPU
		{DC142712-A882-44DB-9C6D-E5F163BAB529}.Release|Any CPU.Build.0 = Release|Any CPU
		{DC142712-A882-44DB-9C6D-E5F163BAB529}.Release|x64.ActiveCfg = Release|Any CPU
		{DC142712-A882-44DB-9C6D-E5F163BAB529}.Release|x64.Build.0 = Release|Any CPU
		{DC142712-A882-44DB-9C6D-E5F163BAB529}.Release|x86.ActiveCfg = Release|Any CPU
		{DC142712-A882-44DB-9C6D-E5F163BAB529}.Release|x86.Build.0 = Release|Any CPU
		{93D3169B-F8E9-49A1-BD09-5D1BE133C466}.Debug|Any CPU.ActiveCfg = Debug|Any CPU
		{93D3169B-F8E9-49A1-BD09-5D1BE133C466}.Debug|Any CPU.Build.0 = Debug|Any CPU
		{93D3169B-F8E9-49A1-BD09-5D1BE133C466}.Debug|x64.ActiveCfg = Debug|Any CPU
		{93D3169B-F8E9-49A1-BD09-5D1BE133C466}.Debug|x64.Build.0 = Debug|Any CPU
		{93D3169B-F8E9-49A1-BD09-5D1BE133C466}.Debug|x86.ActiveCfg = Debug|Any CPU
		{93D3169B-F8E9-49A1-BD09-5D1BE133C466}.Debug|x86.Build.0 = Debug|Any CPU
		{93D3169B-F8E9-49A1-BD09-5D1BE133C466}.Release|Any CPU.ActiveCfg = Release|Any CPU
		{93D3169B-F8E9-49A1-BD09-5D1BE133C466}.Release|Any CPU.Build.0 = Release|Any CPU
		{93D3169B-F8E9-49A1-BD09-5D1BE133C466}.Release|x64.ActiveCfg = Release|Any CPU
		{93D3169B-F8E9-49A1-BD09-5D1BE133C466}.Release|x64.Build.0 = Release|Any CPU
		{93D3169B-F8E9-49A1-BD09-5D1BE133C466}.Release|x86.ActiveCfg = Release|Any CPU
		{93D3169B-F8E9-49A1-BD09-5D1BE133C466}.Release|x86.Build.0 = Release|Any CPU
		{DB67D56C-1ACA-40FD-BDAF-57108AADC61C}.Debug|Any CPU.ActiveCfg = Debug|Any CPU
		{DB67D56C-1ACA-40FD-BDAF-57108AADC61C}.Debug|Any CPU.Build.0 = Debug|Any CPU
		{DB67D56C-1ACA-40FD-BDAF-57108AADC61C}.Debug|x64.ActiveCfg = Debug|Any CPU
		{DB67D56C-1ACA-40FD-BDAF-57108AADC61C}.Debug|x64.Build.0 = Debug|Any CPU
		{DB67D56C-1ACA-40FD-BDAF-57108AADC61C}.Debug|x86.ActiveCfg = Debug|Any CPU
		{DB67D56C-1ACA-40FD-BDAF-57108AADC61C}.Debug|x86.Build.0 = Debug|Any CPU
		{DB67D56C-1ACA-40FD-BDAF-57108AADC61C}.Release|Any CPU.ActiveCfg = Release|Any CPU
		{DB67D56C-1ACA-40FD-BDAF-57108AADC61C}.Release|Any CPU.Build.0 = Release|Any CPU
		{DB67D56C-1ACA-40FD-BDAF-57108AADC61C}.Release|x64.ActiveCfg = Release|Any CPU
		{DB67D56C-1ACA-40FD-BDAF-57108AADC61C}.Release|x64.Build.0 = Release|Any CPU
		{DB67D56C-1ACA-40FD-BDAF-57108AADC61C}.Release|x86.ActiveCfg = Release|Any CPU
		{DB67D56C-1ACA-40FD-BDAF-57108AADC61C}.Release|x86.Build.0 = Release|Any CPU
		{A94828C8-9521-4014-8BD9-EAC6B0E202E0}.Debug|Any CPU.ActiveCfg = Debug|Any CPU
		{A94828C8-9521-4014-8BD9-EAC6B0E202E0}.Debug|Any CPU.Build.0 = Debug|Any CPU
		{A94828C8-9521-4014-8BD9-EAC6B0E202E0}.Debug|x64.ActiveCfg = Debug|Any CPU
		{A94828C8-9521-4014-8BD9-EAC6B0E202E0}.Debug|x64.Build.0 = Debug|Any CPU
		{A94828C8-9521-4014-8BD9-EAC6B0E202E0}.Debug|x86.ActiveCfg = Debug|Any CPU
		{A94828C8-9521-4014-8BD9-EAC6B0E202E0}.Debug|x86.Build.0 = Debug|Any CPU
		{A94828C8-9521-4014-8BD9-EAC6B0E202E0}.Release|Any CPU.ActiveCfg = Release|Any CPU
		{A94828C8-9521-4014-8BD9-EAC6B0E202E0}.Release|Any CPU.Build.0 = Release|Any CPU
		{A94828C8-9521-4014-8BD9-EAC6B0E202E0}.Release|x64.ActiveCfg = Release|Any CPU
		{A94828C8-9521-4014-8BD9-EAC6B0E202E0}.Release|x64.Build.0 = Release|Any CPU
		{A94828C8-9521-4014-8BD9-EAC6B0E202E0}.Release|x86.ActiveCfg = Release|Any CPU
		{A94828C8-9521-4014-8BD9-EAC6B0E202E0}.Release|x86.Build.0 = Release|Any CPU
		{5B5854C8-8F62-4066-85FD-8DF312780C4A}.Debug|Any CPU.ActiveCfg = Debug|Any CPU
		{5B5854C8-8F62-4066-85FD-8DF312780C4A}.Debug|Any CPU.Build.0 = Debug|Any CPU
		{5B5854C8-8F62-4066-85FD-8DF312780C4A}.Debug|x64.ActiveCfg = Debug|Any CPU
		{5B5854C8-8F62-4066-85FD-8DF312780C4A}.Debug|x64.Build.0 = Debug|Any CPU
		{5B5854C8-8F62-4066-85FD-8DF312780C4A}.Debug|x86.ActiveCfg = Debug|Any CPU
		{5B5854C8-8F62-4066-85FD-8DF312780C4A}.Debug|x86.Build.0 = Debug|Any CPU
		{5B5854C8-8F62-4066-85FD-8DF312780C4A}.Release|Any CPU.ActiveCfg = Release|Any CPU
		{5B5854C8-8F62-4066-85FD-8DF312780C4A}.Release|Any CPU.Build.0 = Release|Any CPU
		{5B5854C8-8F62-4066-85FD-8DF312780C4A}.Release|x64.ActiveCfg = Release|Any CPU
		{5B5854C8-8F62-4066-85FD-8DF312780C4A}.Release|x64.Build.0 = Release|Any CPU
		{5B5854C8-8F62-4066-85FD-8DF312780C4A}.Release|x86.ActiveCfg = Release|Any CPU
		{5B5854C8-8F62-4066-85FD-8DF312780C4A}.Release|x86.Build.0 = Release|Any CPU
		{F13FC9FA-9BCF-476F-B99A-6E7E6B50163E}.Debug|Any CPU.ActiveCfg = Debug|Any CPU
		{F13FC9FA-9BCF-476F-B99A-6E7E6B50163E}.Debug|Any CPU.Build.0 = Debug|Any CPU
		{F13FC9FA-9BCF-476F-B99A-6E7E6B50163E}.Debug|x64.ActiveCfg = Debug|Any CPU
		{F13FC9FA-9BCF-476F-B99A-6E7E6B50163E}.Debug|x64.Build.0 = Debug|Any CPU
		{F13FC9FA-9BCF-476F-B99A-6E7E6B50163E}.Debug|x86.ActiveCfg = Debug|Any CPU
		{F13FC9FA-9BCF-476F-B99A-6E7E6B50163E}.Debug|x86.Build.0 = Debug|Any CPU
		{F13FC9FA-9BCF-476F-B99A-6E7E6B50163E}.Release|Any CPU.ActiveCfg = Release|Any CPU
		{F13FC9FA-9BCF-476F-B99A-6E7E6B50163E}.Release|Any CPU.Build.0 = Release|Any CPU
		{F13FC9FA-9BCF-476F-B99A-6E7E6B50163E}.Release|x64.ActiveCfg = Release|Any CPU
		{F13FC9FA-9BCF-476F-B99A-6E7E6B50163E}.Release|x64.Build.0 = Release|Any CPU
		{F13FC9FA-9BCF-476F-B99A-6E7E6B50163E}.Release|x86.ActiveCfg = Release|Any CPU
		{F13FC9FA-9BCF-476F-B99A-6E7E6B50163E}.Release|x86.Build.0 = Release|Any CPU
		{D27453EA-55F4-4F38-A79C-CAE127348F82}.Debug|Any CPU.ActiveCfg = Debug|Any CPU
		{D27453EA-55F4-4F38-A79C-CAE127348F82}.Debug|Any CPU.Build.0 = Debug|Any CPU
		{D27453EA-55F4-4F38-A79C-CAE127348F82}.Debug|x64.ActiveCfg = Debug|Any CPU
		{D27453EA-55F4-4F38-A79C-CAE127348F82}.Debug|x64.Build.0 = Debug|Any CPU
		{D27453EA-55F4-4F38-A79C-CAE127348F82}.Debug|x86.ActiveCfg = Debug|Any CPU
		{D27453EA-55F4-4F38-A79C-CAE127348F82}.Debug|x86.Build.0 = Debug|Any CPU
		{D27453EA-55F4-4F38-A79C-CAE127348F82}.Release|Any CPU.ActiveCfg = Release|Any CPU
		{D27453EA-55F4-4F38-A79C-CAE127348F82}.Release|Any CPU.Build.0 = Release|Any CPU
		{D27453EA-55F4-4F38-A79C-CAE127348F82}.Release|x64.ActiveCfg = Release|Any CPU
		{D27453EA-55F4-4F38-A79C-CAE127348F82}.Release|x64.Build.0 = Release|Any CPU
		{D27453EA-55F4-4F38-A79C-CAE127348F82}.Release|x86.ActiveCfg = Release|Any CPU
		{D27453EA-55F4-4F38-A79C-CAE127348F82}.Release|x86.Build.0 = Release|Any CPU
		{7DD5239D-D778-4D62-BCDD-03680C3D72CB}.Debug|Any CPU.ActiveCfg = Debug|Any CPU
		{7DD5239D-D778-4D62-BCDD-03680C3D72CB}.Debug|Any CPU.Build.0 = Debug|Any CPU
		{7DD5239D-D778-4D62-BCDD-03680C3D72CB}.Debug|x64.ActiveCfg = Debug|Any CPU
		{7DD5239D-D778-4D62-BCDD-03680C3D72CB}.Debug|x64.Build.0 = Debug|Any CPU
		{7DD5239D-D778-4D62-BCDD-03680C3D72CB}.Debug|x86.ActiveCfg = Debug|Any CPU
		{7DD5239D-D778-4D62-BCDD-03680C3D72CB}.Debug|x86.Build.0 = Debug|Any CPU
		{7DD5239D-D778-4D62-BCDD-03680C3D72CB}.Release|Any CPU.ActiveCfg = Release|Any CPU
		{7DD5239D-D778-4D62-BCDD-03680C3D72CB}.Release|Any CPU.Build.0 = Release|Any CPU
		{7DD5239D-D778-4D62-BCDD-03680C3D72CB}.Release|x64.ActiveCfg = Release|Any CPU
		{7DD5239D-D778-4D62-BCDD-03680C3D72CB}.Release|x64.Build.0 = Release|Any CPU
		{7DD5239D-D778-4D62-BCDD-03680C3D72CB}.Release|x86.ActiveCfg = Release|Any CPU
		{7DD5239D-D778-4D62-BCDD-03680C3D72CB}.Release|x86.Build.0 = Release|Any CPU
	EndGlobalSection
	GlobalSection(NestedProjects) = preSolution
		{A52AAECE-57F3-4199-BBC2-1BC1C2885BD3} = {696A3C30-D037-4F99-9709-04752475CAC0}
		{97991D04-6AB6-43BB-913C-104FD2C68BB7} = {A52AAECE-57F3-4199-BBC2-1BC1C2885BD3}
		{5B77B40D-9DD1-4D8F-8FA8-6ED176E2BB7E} = {696A3C30-D037-4F99-9709-04752475CAC0}
		{B56F343D-32C9-4612-8710-9412EB4C2462} = {5B77B40D-9DD1-4D8F-8FA8-6ED176E2BB7E}
		{5D2A0216-6F29-420C-8D87-3DAF3D970C10} = {C6F8A0B2-CDEC-40A5-AB4D-EA97764EBCAF}
		{D8018B6F-8258-4E0F-9C03-E26D1B9363AA} = {5D2A0216-6F29-420C-8D87-3DAF3D970C10}
		{56906055-845D-460E-AC5C-114348304AF4} = {C6F8A0B2-CDEC-40A5-AB4D-EA97764EBCAF}
		{2EDB4C74-E03F-4E02-BBE2-8F4DBE0490E6} = {56906055-845D-460E-AC5C-114348304AF4}
		{265A7457-CA35-42D7-8A1B-8A5800691AC4} = {A52AAECE-57F3-4199-BBC2-1BC1C2885BD3}
		{7D6D024A-E656-4F5D-8DDF-ADF10CEF0219} = {A52AAECE-57F3-4199-BBC2-1BC1C2885BD3}
		{5D877571-E264-43D2-A350-5F0D00E44337} = {A52AAECE-57F3-4199-BBC2-1BC1C2885BD3}
		{00DE8761-DDBA-4BCC-8CC2-D0AFB408BA3F} = {A52AAECE-57F3-4199-BBC2-1BC1C2885BD3}
		{B0EE8BC4-5192-4FC7-9CEB-3B356D2FF42F} = {5B77B40D-9DD1-4D8F-8FA8-6ED176E2BB7E}
		{08F1E070-F06E-46D9-89A0-3F9A0211686F} = {5B77B40D-9DD1-4D8F-8FA8-6ED176E2BB7E}
		{4D5B5DE0-ABBB-405E-B985-FBFF2647244B} = {5B77B40D-9DD1-4D8F-8FA8-6ED176E2BB7E}
		{3BA1778A-DCF0-4E4B-A137-4E053341BD4C} = {5B77B40D-9DD1-4D8F-8FA8-6ED176E2BB7E}
		{DC142712-A882-44DB-9C6D-E5F163BAB529} = {5D2A0216-6F29-420C-8D87-3DAF3D970C10}
		{93D3169B-F8E9-49A1-BD09-5D1BE133C466} = {5D2A0216-6F29-420C-8D87-3DAF3D970C10}
		{DB67D56C-1ACA-40FD-BDAF-57108AADC61C} = {5D2A0216-6F29-420C-8D87-3DAF3D970C10}
		{A94828C8-9521-4014-8BD9-EAC6B0E202E0} = {5D2A0216-6F29-420C-8D87-3DAF3D970C10}
		{5B5854C8-8F62-4066-85FD-8DF312780C4A} = {56906055-845D-460E-AC5C-114348304AF4}
		{F13FC9FA-9BCF-476F-B99A-6E7E6B50163E} = {56906055-845D-460E-AC5C-114348304AF4}
		{D27453EA-55F4-4F38-A79C-CAE127348F82} = {56906055-845D-460E-AC5C-114348304AF4}
		{7DD5239D-D778-4D62-BCDD-03680C3D72CB} = {56906055-845D-460E-AC5C-114348304AF4}
	EndGlobalSection
EndGlobal
